
Microsoft Visual Studio Solution File, Format Version 12.00
# Visual Studio Version 17
VisualStudioVersion = 17.2.32630.192
MinimumVisualStudioVersion = 10.0.40219.1
Project("{FAE04EC0-301F-11D3-BF4B-00C04F79EFBC}") = "ALGORITHM", "ALGORITHM\ALGORITHM.csproj", "{575FAB7D-0A40-46F0-BCD9-A534CF360728}"
EndProject
Global
	GlobalSection(SolutionConfigurationPlatforms) = preSolution
		Debug|Any CPU = Debug|Any CPU
		Release|Any CPU = Release|Any CPU
	EndGlobalSection
	GlobalSection(ProjectConfigurationPlatforms) = postSolution
		{575FAB7D-0A40-46F0-BCD9-A534CF360728}.Debug|Any CPU.ActiveCfg = Debug|Any CPU
		{575FAB7D-0A40-46F0-BCD9-A534CF360728}.Debug|Any CPU.Build.0 = Debug|Any CPU
		{575FAB7D-0A40-46F0-BCD9-A534CF360728}.Release|Any CPU.ActiveCfg = Release|Any CPU
		{575FAB7D-0A40-46F0-BCD9-A534CF360728}.Release|Any CPU.Build.0 = Release|Any CPU
	EndGlobalSection
	GlobalSection(SolutionProperties) = preSolution
		HideSolutionNode = FALSE
	EndGlobalSection
	GlobalSection(ExtensibilityGlobals) = postSolution
		SolutionGuid = {1A3AFDB0-5EF0-46D3-8DB1-E941B65A2785}
	EndGlobalSection
EndGlobal
